
Microsoft Visual Studio Solution File, Format Version 12.00
# Visual Studio Version 17
VisualStudioVersion = 17.7.34202.233
MinimumVisualStudioVersion = 10.0.40219.1
Project("{FAE04EC0-301F-11D3-BF4B-00C04F79EFBC}") = "StacksDemo", "StacksDemo\StacksDemo.csproj", "{D6D5DB4D-0B60-4A09-89C5-4DDE5005241B}"
EndProject
Global
	GlobalSection(SolutionConfigurationPlatforms) = preSolution
		Debug|Any CPU = Debug|Any CPU
		Release|Any CPU = Release|Any CPU
	EndGlobalSection
	GlobalSection(ProjectConfigurationPlatforms) = postSolution
		{D6D5DB4D-0B60-4A09-89C5-4DDE5005241B}.Debug|Any CPU.ActiveCfg = Debug|Any CPU
		{D6D5DB4D-0B60-4A09-89C5-4DDE5005241B}.Debug|Any CPU.Build.0 = Debug|Any CPU
		{D6D5DB4D-0B60-4A09-89C5-4DDE5005241B}.Release|Any CPU.ActiveCfg = Release|Any CPU
		{D6D5DB4D-0B60-4A09-89C5-4DDE5005241B}.Release|Any CPU.Build.0 = Release|Any CPU
	EndGlobalSection
	GlobalSection(SolutionProperties) = preSolution
		HideSolutionNode = FALSE
	EndGlobalSection
	GlobalSection(ExtensibilityGlobals) = postSolution
		SolutionGuid = {86C195E7-12F9-4D1B-AC26-6987C5EE96BD}
	EndGlobalSection
EndGlobal
