
Microsoft Visual Studio Solution File, Format Version 12.00
# Visual Studio Version 17
VisualStudioVersion = 17.7.34202.233
MinimumVisualStudioVersion = 10.0.40219.1
Project("{FAE04EC0-301F-11D3-BF4B-00C04F79EFBC}") = "InheritanceDemo", "InheritanceDemo\InheritanceDemo.csproj", "{CA5399D5-DF01-460F-92BD-5C5AAE931B63}"
EndProject
Global
	GlobalSection(SolutionConfigurationPlatforms) = preSolution
		Debug|Any CPU = Debug|Any CPU
		Release|Any CPU = Release|Any CPU
	EndGlobalSection
	GlobalSection(ProjectConfigurationPlatforms) = postSolution
		{CA5399D5-DF01-460F-92BD-5C5AAE931B63}.Debug|Any CPU.ActiveCfg = Debug|Any CPU
		{CA5399D5-DF01-460F-92BD-5C5AAE931B63}.Debug|Any CPU.Build.0 = Debug|Any CPU
		{CA5399D5-DF01-460F-92BD-5C5AAE931B63}.Release|Any CPU.ActiveCfg = Release|Any CPU
		{CA5399D5-DF01-460F-92BD-5C5AAE931B63}.Release|Any CPU.Build.0 = Release|Any CPU
	EndGlobalSection
	GlobalSection(SolutionProperties) = preSolution
		HideSolutionNode = FALSE
	EndGlobalSection
	GlobalSection(ExtensibilityGlobals) = postSolution
		SolutionGuid = {47CA001F-0E1E-4578-A9D3-EEAE95970035}
	EndGlobalSection
EndGlobal
