
Microsoft Visual Studio Solution File, Format Version 12.00
# Visual Studio Version 17
VisualStudioVersion = 17.7.34202.233
MinimumVisualStudioVersion = 10.0.40219.1
Project("{FAE04EC0-301F-11D3-BF4B-00C04F79EFBC}") = "exercise-if", "exercise-if\exercise-if.csproj", "{A71D3EF2-3075-417E-8144-30C3D479E3BE}"
EndProject
Global
	GlobalSection(SolutionConfigurationPlatforms) = preSolution
		Debug|Any CPU = Debug|Any CPU
		Release|Any CPU = Release|Any CPU
	EndGlobalSection
	GlobalSection(ProjectConfigurationPlatforms) = postSolution
		{A71D3EF2-3075-417E-8144-30C3D479E3BE}.Debug|Any CPU.ActiveCfg = Debug|Any CPU
		{A71D3EF2-3075-417E-8144-30C3D479E3BE}.Debug|Any CPU.Build.0 = Debug|Any CPU
		{A71D3EF2-3075-417E-8144-30C3D479E3BE}.Release|Any CPU.ActiveCfg = Release|Any CPU
		{A71D3EF2-3075-417E-8144-30C3D479E3BE}.Release|Any CPU.Build.0 = Release|Any CPU
	EndGlobalSection
	GlobalSection(SolutionProperties) = preSolution
		HideSolutionNode = FALSE
	EndGlobalSection
	GlobalSection(ExtensibilityGlobals) = postSolution
		SolutionGuid = {0126D796-999F-4525-AAFA-FA365A6B7854}
	EndGlobalSection
EndGlobal
