
Microsoft Visual Studio Solution File, Format Version 12.00
# Visual Studio Version 17
VisualStudioVersion = 17.7.34202.233
MinimumVisualStudioVersion = 10.0.40219.1
Project("{FAE04EC0-301F-11D3-BF4B-00C04F79EFBC}") = "RandomClassC", "RandomClassC\RandomClassC.csproj", "{6F3A96F2-6993-4CB6-8CD2-37CF52012089}"
EndProject
Global
	GlobalSection(SolutionConfigurationPlatforms) = preSolution
		Debug|Any CPU = Debug|Any CPU
		Release|Any CPU = Release|Any CPU
	EndGlobalSection
	GlobalSection(ProjectConfigurationPlatforms) = postSolution
		{6F3A96F2-6993-4CB6-8CD2-37CF52012089}.Debug|Any CPU.ActiveCfg = Debug|Any CPU
		{6F3A96F2-6993-4CB6-8CD2-37CF52012089}.Debug|Any CPU.Build.0 = Debug|Any CPU
		{6F3A96F2-6993-4CB6-8CD2-37CF52012089}.Release|Any CPU.ActiveCfg = Release|Any CPU
		{6F3A96F2-6993-4CB6-8CD2-37CF52012089}.Release|Any CPU.Build.0 = Release|Any CPU
	EndGlobalSection
	GlobalSection(SolutionProperties) = preSolution
		HideSolutionNode = FALSE
	EndGlobalSection
	GlobalSection(ExtensibilityGlobals) = postSolution
		SolutionGuid = {696B88B2-4BAC-4614-ABA6-BED7D9F5D99C}
	EndGlobalSection
EndGlobal
