
Microsoft Visual Studio Solution File, Format Version 12.00
# Visual Studio Version 17
VisualStudioVersion = 17.7.34202.233
MinimumVisualStudioVersion = 10.0.40219.1
Project("{FAE04EC0-301F-11D3-BF4B-00C04F79EFBC}") = "enhanced-if-challenge", "enhanced-if-challenge\enhanced-if-challenge.csproj", "{AEBA5568-C8A9-465E-8B18-DE53F1A209EF}"
EndProject
Global
	GlobalSection(SolutionConfigurationPlatforms) = preSolution
		Debug|Any CPU = Debug|Any CPU
		Release|Any CPU = Release|Any CPU
	EndGlobalSection
	GlobalSection(ProjectConfigurationPlatforms) = postSolution
		{AEBA5568-C8A9-465E-8B18-DE53F1A209EF}.Debug|Any CPU.ActiveCfg = Debug|Any CPU
		{AEBA5568-C8A9-465E-8B18-DE53F1A209EF}.Debug|Any CPU.Build.0 = Debug|Any CPU
		{AEBA5568-C8A9-465E-8B18-DE53F1A209EF}.Release|Any CPU.ActiveCfg = Release|Any CPU
		{AEBA5568-C8A9-465E-8B18-DE53F1A209EF}.Release|Any CPU.Build.0 = Release|Any CPU
	EndGlobalSection
	GlobalSection(SolutionProperties) = preSolution
		HideSolutionNode = FALSE
	EndGlobalSection
	GlobalSection(ExtensibilityGlobals) = postSolution
		SolutionGuid = {69DF789E-918B-4248-B6FA-EEC4993D1DEF}
	EndGlobalSection
EndGlobal
