
Microsoft Visual Studio Solution File, Format Version 12.00
# Visual Studio Version 17
VisualStudioVersion = 17.7.34202.233
MinimumVisualStudioVersion = 10.0.40219.1
Project("{FAE04EC0-301F-11D3-BF4B-00C04F79EFBC}") = "if_and_tryparse_exercise", "if_and_tryparse_exercise\if_and_tryparse_exercise.csproj", "{C33C51BE-B607-4BF0-82C3-B8860321717E}"
EndProject
Global
	GlobalSection(SolutionConfigurationPlatforms) = preSolution
		Debug|Any CPU = Debug|Any CPU
		Release|Any CPU = Release|Any CPU
	EndGlobalSection
	GlobalSection(ProjectConfigurationPlatforms) = postSolution
		{C33C51BE-B607-4BF0-82C3-B8860321717E}.Debug|Any CPU.ActiveCfg = Debug|Any CPU
		{C33C51BE-B607-4BF0-82C3-B8860321717E}.Debug|Any CPU.Build.0 = Debug|Any CPU
		{C33C51BE-B607-4BF0-82C3-B8860321717E}.Release|Any CPU.ActiveCfg = Release|Any CPU
		{C33C51BE-B607-4BF0-82C3-B8860321717E}.Release|Any CPU.Build.0 = Release|Any CPU
	EndGlobalSection
	GlobalSection(SolutionProperties) = preSolution
		HideSolutionNode = FALSE
	EndGlobalSection
	GlobalSection(ExtensibilityGlobals) = postSolution
		SolutionGuid = {2F4273C4-6D70-4AA6-A23B-B58585F68232}
	EndGlobalSection
EndGlobal
