
Microsoft Visual Studio Solution File, Format Version 12.00
# Visual Studio Version 17
VisualStudioVersion = 17.7.34202.233
MinimumVisualStudioVersion = 10.0.40219.1
Project("{FAE04EC0-301F-11D3-BF4B-00C04F79EFBC}") = "Arrays", "Arrays\Arrays.csproj", "{22952A67-9D4C-46BF-9532-BBBCBA0AC01E}"
EndProject
Global
	GlobalSection(SolutionConfigurationPlatforms) = preSolution
		Debug|Any CPU = Debug|Any CPU
		Release|Any CPU = Release|Any CPU
	EndGlobalSection
	GlobalSection(ProjectConfigurationPlatforms) = postSolution
		{22952A67-9D4C-46BF-9532-BBBCBA0AC01E}.Debug|Any CPU.ActiveCfg = Debug|Any CPU
		{22952A67-9D4C-46BF-9532-BBBCBA0AC01E}.Debug|Any CPU.Build.0 = Debug|Any CPU
		{22952A67-9D4C-46BF-9532-BBBCBA0AC01E}.Release|Any CPU.ActiveCfg = Release|Any CPU
		{22952A67-9D4C-46BF-9532-BBBCBA0AC01E}.Release|Any CPU.Build.0 = Release|Any CPU
	EndGlobalSection
	GlobalSection(SolutionProperties) = preSolution
		HideSolutionNode = FALSE
	EndGlobalSection
	GlobalSection(ExtensibilityGlobals) = postSolution
		SolutionGuid = {8A57146F-A08D-4F8E-901A-13668D737669}
	EndGlobalSection
EndGlobal
